
Microsoft Visual Studio Solution File, Format Version 12.00
# Visual Studio Version 17
VisualStudioVersion = 17.11.35327.3
MinimumVisualStudioVersion = 10.0.40219.1
Project("{2150E333-8FDC-42A3-9474-1A3956D46DE8}") = "Task0", "Task0", "{8E516626-0399-426F-B900-87E89281F26B}"
EndProject
Project("{9A19103F-16F7-4668-BE54-9A1E7A4F7556}") = "Tyuiu.KornevRM.Sprint5.Task0.V22", "Tyuiu.KornevRM.Sprint5.Task0.V22\Tyuiu.KornevRM.Sprint5.Task0.V22.csproj", "{200FEE9B-015A-4C33-86B0-018B35F3A0A0}"
EndProject
Project("{9A19103F-16F7-4668-BE54-9A1E7A4F7556}") = "Tyuiu.KornevRM.Sprint5.Task0.V22.Lib", "Tyuiu.KornevRM.Sprint5.Task0.V22.Lib\Tyuiu.KornevRM.Sprint5.Task0.V22.Lib.csproj", "{16F051C0-43FA-4E77-8E86-5492248ACE72}"
EndProject
Project("{9A19103F-16F7-4668-BE54-9A1E7A4F7556}") = "Tyuiu.KornevRM.Sprint5.Task0.V22.Test", "Tyuiu.KornevRM.Sprint5.Task0.V22.Test\Tyuiu.KornevRM.Sprint5.Task0.V22.Test.csproj", "{C5285CE1-BFE8-4FAE-8DD8-3DA869451255}"
EndProject
Project("{2150E333-8FDC-42A3-9474-1A3956D46DE8}") = "Task1", "Task1", "{EFC84024-CB74-4497-B6E5-DA7993F35B17}"
EndProject
Project("{9A19103F-16F7-4668-BE54-9A1E7A4F7556}") = "Tyuiu.KornevRM.Sprint5.Task1.V14", "Tyuiu.KornevRM.Sprint5.Task1.V14\Tyuiu.KornevRM.Sprint5.Task1.V14.csproj", "{8654C6DE-CFB3-4E06-B2C1-E43C74894EA7}"
EndProject
Project("{9A19103F-16F7-4668-BE54-9A1E7A4F7556}") = "Tyuiu.KornevRM.Sprint5.Task1.V14.Lib", "Tyuiu.KornevRM.Sprint5.Task1.V14.Lib\Tyuiu.KornevRM.Sprint5.Task1.V14.Lib.csproj", "{345C6A9C-068A-4E77-89EF-518DCDE9D7A9}"
EndProject
Project("{9A19103F-16F7-4668-BE54-9A1E7A4F7556}") = "Tyuiu.KornevRM.Sprint5.Task1.V14.Test", "Tyuiu.KornevRM.Sprint5.Task1.V14.Test\Tyuiu.KornevRM.Sprint5.Task1.V14.Test.csproj", "{1895C542-5F99-4E9D-B63C-A0ECE14F36EC}"
EndProject
Project("{2150E333-8FDC-42A3-9474-1A3956D46DE8}") = "Task2", "Task2", "{669F6865-67DC-452F-BA3C-42184A471367}"
EndProject
Project("{9A19103F-16F7-4668-BE54-9A1E7A4F7556}") = "Tyuiu.KornevRM.Sprint5.Task2.V29", "Tyuiu.KornevRM.Sprint5.Task2.V29\Tyuiu.KornevRM.Sprint5.Task2.V29.csproj", "{C2AF3C68-2F5A-4041-A906-76135563B512}"
EndProject
Project("{9A19103F-16F7-4668-BE54-9A1E7A4F7556}") = "Tyuiu.KornevRM.Sprint5.Task2.V29.Lib", "Tyuiu.KornevRM.Sprint5.Task2.V29.Lib\Tyuiu.KornevRM.Sprint5.Task2.V29.Lib.csproj", "{CD3F52ED-F961-484A-950A-07D229CAE91F}"
EndProject
Project("{9A19103F-16F7-4668-BE54-9A1E7A4F7556}") = "Tyuiu.KornevRM.Sprint5.Task2.V29.Test", "Tyuiu.KornevRM.Sprint5.Task2.V29.Test\Tyuiu.KornevRM.Sprint5.Task2.V29.Test.csproj", "{971E588D-8E01-4688-9B7B-B92FD2EE55E8}"
EndProject
Project("{2150E333-8FDC-42A3-9474-1A3956D46DE8}") = "Task3", "Task3", "{93484CDB-4A36-4999-9AF3-F737FC31F943}"
EndProject
Project("{FAE04EC0-301F-11D3-BF4B-00C04F79EFBC}") = "Tyuiu.KornevRM.Sprint5.Task3.V2", "Tyuiu.KornevRM.Sprint5.Task3.V2\Tyuiu.KornevRM.Sprint5.Task3.V2.csproj", "{E38B8CFC-9706-4F01-9E4E-BC2C6751F372}"
EndProject
Project("{FAE04EC0-301F-11D3-BF4B-00C04F79EFBC}") = "Tyuiu.KornevRM.Sprint5.Task3.V2.Lib", "Tyuiu.KornevRM.Sprint5.Task3.V2.Lib\Tyuiu.KornevRM.Sprint5.Task3.V2.Lib.csproj", "{036ACD63-B388-45F7-975C-33765FF9F353}"
EndProject
Project("{FAE04EC0-301F-11D3-BF4B-00C04F79EFBC}") = "Tyuiu.KornevRM.Sprint5.Task3.V2.Test", "Tyuiu.KornevRM.Sprint5.Task3.V2.Test\Tyuiu.KornevRM.Sprint5.Task3.V2.Test.csproj", "{4F6DFFD9-E530-40BD-BE8C-EC361815940E}"
EndProject
Global
	GlobalSection(SolutionConfigurationPlatforms) = preSolution
		Debug|Any CPU = Debug|Any CPU
		Release|Any CPU = Release|Any CPU
	EndGlobalSection
	GlobalSection(ProjectConfigurationPlatforms) = postSolution
		{200FEE9B-015A-4C33-86B0-018B35F3A0A0}.Debug|Any CPU.ActiveCfg = Debug|Any CPU
		{200FEE9B-015A-4C33-86B0-018B35F3A0A0}.Debug|Any CPU.Build.0 = Debug|Any CPU
		{200FEE9B-015A-4C33-86B0-018B35F3A0A0}.Release|Any CPU.ActiveCfg = Release|Any CPU
		{200FEE9B-015A-4C33-86B0-018B35F3A0A0}.Release|Any CPU.Build.0 = Release|Any CPU
		{16F051C0-43FA-4E77-8E86-5492248ACE72}.Debug|Any CPU.ActiveCfg = Debug|Any CPU
		{16F051C0-43FA-4E77-8E86-5492248ACE72}.Debug|Any CPU.Build.0 = Debug|Any CPU
		{16F051C0-43FA-4E77-8E86-5492248ACE72}.Release|Any CPU.ActiveCfg = Release|Any CPU
		{16F051C0-43FA-4E77-8E86-5492248ACE72}.Release|Any CPU.Build.0 = Release|Any CPU
		{C5285CE1-BFE8-4FAE-8DD8-3DA869451255}.Debug|Any CPU.ActiveCfg = Debug|Any CPU
		{C5285CE1-BFE8-4FAE-8DD8-3DA869451255}.Debug|Any CPU.Build.0 = Debug|Any CPU
		{C5285CE1-BFE8-4FAE-8DD8-3DA869451255}.Release|Any CPU.ActiveCfg = Release|Any CPU
		{C5285CE1-BFE8-4FAE-8DD8-3DA869451255}.Release|Any CPU.Build.0 = Release|Any CPU
		{8654C6DE-CFB3-4E06-B2C1-E43C74894EA7}.Debug|Any CPU.ActiveCfg = Debug|Any CPU
		{8654C6DE-CFB3-4E06-B2C1-E43C74894EA7}.Debug|Any CPU.Build.0 = Debug|Any CPU
		{8654C6DE-CFB3-4E06-B2C1-E43C74894EA7}.Release|Any CPU.ActiveCfg = Release|Any CPU
		{8654C6DE-CFB3-4E06-B2C1-E43C74894EA7}.Release|Any CPU.Build.0 = Release|Any CPU
		{345C6A9C-068A-4E77-89EF-518DCDE9D7A9}.Debug|Any CPU.ActiveCfg = Debug|Any CPU
		{345C6A9C-068A-4E77-89EF-518DCDE9D7A9}.Debug|Any CPU.Build.0 = Debug|Any CPU
		{345C6A9C-068A-4E77-89EF-518DCDE9D7A9}.Release|Any CPU.ActiveCfg = Release|Any CPU
		{345C6A9C-068A-4E77-89EF-518DCDE9D7A9}.Release|Any CPU.Build.0 = Release|Any CPU
		{1895C542-5F99-4E9D-B63C-A0ECE14F36EC}.Debug|Any CPU.ActiveCfg = Debug|Any CPU
		{1895C542-5F99-4E9D-B63C-A0ECE14F36EC}.Debug|Any CPU.Build.0 = Debug|Any CPU
		{1895C542-5F99-4E9D-B63C-A0ECE14F36EC}.Release|Any CPU.ActiveCfg = Release|Any CPU
		{1895C542-5F99-4E9D-B63C-A0ECE14F36EC}.Release|Any CPU.Build.0 = Release|Any CPU
		{C2AF3C68-2F5A-4041-A906-76135563B512}.Debug|Any CPU.ActiveCfg = Debug|Any CPU
		{C2AF3C68-2F5A-4041-A906-76135563B512}.Debug|Any CPU.Build.0 = Debug|Any CPU
		{C2AF3C68-2F5A-4041-A906-76135563B512}.Release|Any CPU.ActiveCfg = Release|Any CPU
		{C2AF3C68-2F5A-4041-A906-76135563B512}.Release|Any CPU.Build.0 = Release|Any CPU
		{CD3F52ED-F961-484A-950A-07D229CAE91F}.Debug|Any CPU.ActiveCfg = Debug|Any CPU
		{CD3F52ED-F961-484A-950A-07D229CAE91F}.Debug|Any CPU.Build.0 = Debug|Any CPU
		{CD3F52ED-F961-484A-950A-07D229CAE91F}.Release|Any CPU.ActiveCfg = Release|Any CPU
		{CD3F52ED-F961-484A-950A-07D229CAE91F}.Release|Any CPU.Build.0 = Release|Any CPU
		{971E588D-8E01-4688-9B7B-B92FD2EE55E8}.Debug|Any CPU.ActiveCfg = Debug|Any CPU
		{971E588D-8E01-4688-9B7B-B92FD2EE55E8}.Debug|Any CPU.Build.0 = Debug|Any CPU
		{971E588D-8E01-4688-9B7B-B92FD2EE55E8}.Release|Any CPU.ActiveCfg = Release|Any CPU
		{971E588D-8E01-4688-9B7B-B92FD2EE55E8}.Release|Any CPU.Build.0 = Release|Any CPU
		{E38B8CFC-9706-4F01-9E4E-BC2C6751F372}.Debug|Any CPU.ActiveCfg = Debug|Any CPU
		{E38B8CFC-9706-4F01-9E4E-BC2C6751F372}.Debug|Any CPU.Build.0 = Debug|Any CPU
		{E38B8CFC-9706-4F01-9E4E-BC2C6751F372}.Release|Any CPU.ActiveCfg = Release|Any CPU
		{E38B8CFC-9706-4F01-9E4E-BC2C6751F372}.Release|Any CPU.Build.0 = Release|Any CPU
		{036ACD63-B388-45F7-975C-33765FF9F353}.Debug|Any CPU.ActiveCfg = Debug|Any CPU
		{036ACD63-B388-45F7-975C-33765FF9F353}.Debug|Any CPU.Build.0 = Debug|Any CPU
		{036ACD63-B388-45F7-975C-33765FF9F353}.Release|Any CPU.ActiveCfg = Release|Any CPU
		{036ACD63-B388-45F7-975C-33765FF9F353}.Release|Any CPU.Build.0 = Release|Any CPU
		{4F6DFFD9-E530-40BD-BE8C-EC361815940E}.Debug|Any CPU.ActiveCfg = Debug|Any CPU
		{4F6DFFD9-E530-40BD-BE8C-EC361815940E}.Debug|Any CPU.Build.0 = Debug|Any CPU
		{4F6DFFD9-E530-40BD-BE8C-EC361815940E}.Release|Any CPU.ActiveCfg = Release|Any CPU
		{4F6DFFD9-E530-40BD-BE8C-EC361815940E}.Release|Any CPU.Build.0 = Release|Any CPU
	EndGlobalSection
	GlobalSection(SolutionProperties) = preSolution
		HideSolutionNode = FALSE
	EndGlobalSection
	GlobalSection(NestedProjects) = preSolution
		{200FEE9B-015A-4C33-86B0-018B35F3A0A0} = {8E516626-0399-426F-B900-87E89281F26B}
		{16F051C0-43FA-4E77-8E86-5492248ACE72} = {8E516626-0399-426F-B900-87E89281F26B}
		{C5285CE1-BFE8-4FAE-8DD8-3DA869451255} = {8E516626-0399-426F-B900-87E89281F26B}
		{8654C6DE-CFB3-4E06-B2C1-E43C74894EA7} = {EFC84024-CB74-4497-B6E5-DA7993F35B17}
		{345C6A9C-068A-4E77-89EF-518DCDE9D7A9} = {EFC84024-CB74-4497-B6E5-DA7993F35B17}
		{1895C542-5F99-4E9D-B63C-A0ECE14F36EC} = {EFC84024-CB74-4497-B6E5-DA7993F35B17}
		{C2AF3C68-2F5A-4041-A906-76135563B512} = {669F6865-67DC-452F-BA3C-42184A471367}
		{CD3F52ED-F961-484A-950A-07D229CAE91F} = {669F6865-67DC-452F-BA3C-42184A471367}
		{971E588D-8E01-4688-9B7B-B92FD2EE55E8} = {669F6865-67DC-452F-BA3C-42184A471367}
		{E38B8CFC-9706-4F01-9E4E-BC2C6751F372} = {93484CDB-4A36-4999-9AF3-F737FC31F943}
		{036ACD63-B388-45F7-975C-33765FF9F353} = {93484CDB-4A36-4999-9AF3-F737FC31F943}
		{4F6DFFD9-E530-40BD-BE8C-EC361815940E} = {93484CDB-4A36-4999-9AF3-F737FC31F943}
	EndGlobalSection
	GlobalSection(ExtensibilityGlobals) = postSolution
		SolutionGuid = {8E77D667-98A4-4A2C-9392-E5F7A1ABE38D}
	EndGlobalSection
EndGlobal
