
Microsoft Visual Studio Solution File, Format Version 12.00
# Visual Studio Version 17
VisualStudioVersion = 17.11.35327.3
MinimumVisualStudioVersion = 10.0.40219.1
Project("{2150E333-8FDC-42A3-9474-1A3956D46DE8}") = "Task0", "Task0", "{8E516626-0399-426F-B900-87E89281F26B}"
EndProject
Project("{9A19103F-16F7-4668-BE54-9A1E7A4F7556}") = "Tyuiu.KornevRM.Sprint5.Task0.V22", "Tyuiu.KornevRM.Sprint5.Task0.V22\Tyuiu.KornevRM.Sprint5.Task0.V22.csproj", "{200FEE9B-015A-4C33-86B0-018B35F3A0A0}"
EndProject
Project("{9A19103F-16F7-4668-BE54-9A1E7A4F7556}") = "Tyuiu.KornevRM.Sprint5.Task0.V22.Lib", "Tyuiu.KornevRM.Sprint5.Task0.V22.Lib\Tyuiu.KornevRM.Sprint5.Task0.V22.Lib.csproj", "{16F051C0-43FA-4E77-8E86-5492248ACE72}"
EndProject
Project("{9A19103F-16F7-4668-BE54-9A1E7A4F7556}") = "Tyuiu.KornevRM.Sprint5.Task0.V22.Test", "Tyuiu.KornevRM.Sprint5.Task0.V22.Test\Tyuiu.KornevRM.Sprint5.Task0.V22.Test.csproj", "{C5285CE1-BFE8-4FAE-8DD8-3DA869451255}"
EndProject
Project("{2150E333-8FDC-42A3-9474-1A3956D46DE8}") = "Task1", "Task1", "{EFC84024-CB74-4497-B6E5-DA7993F35B17}"
EndProject
Project("{9A19103F-16F7-4668-BE54-9A1E7A4F7556}") = "Tyuiu.KornevRM.Sprint5.Task1.V14", "Tyuiu.KornevRM.Sprint5.Task1.V14\Tyuiu.KornevRM.Sprint5.Task1.V14.csproj", "{8654C6DE-CFB3-4E06-B2C1-E43C74894EA7}"
EndProject
Project("{9A19103F-16F7-4668-BE54-9A1E7A4F7556}") = "Tyuiu.KornevRM.Sprint5.Task1.V14.Lib", "Tyuiu.KornevRM.Sprint5.Task1.V14.Lib\Tyuiu.KornevRM.Sprint5.Task1.V14.Lib.csproj", "{345C6A9C-068A-4E77-89EF-518DCDE9D7A9}"
EndProject
Project("{9A19103F-16F7-4668-BE54-9A1E7A4F7556}") = "Tyuiu.KornevRM.Sprint5.Task1.V14.Test", "Tyuiu.KornevRM.Sprint5.Task1.V14.Test\Tyuiu.KornevRM.Sprint5.Task1.V14.Test.csproj", "{1895C542-5F99-4E9D-B63C-A0ECE14F36EC}"
EndProject
Project("{2150E333-8FDC-42A3-9474-1A3956D46DE8}") = "Task2", "Task2", "{669F6865-67DC-452F-BA3C-42184A471367}"
EndProject
Project("{9A19103F-16F7-4668-BE54-9A1E7A4F7556}") = "Tyuiu.KornevRM.Sprint5.Task2.V29", "Tyuiu.KornevRM.Sprint5.Task2.V29\Tyuiu.KornevRM.Sprint5.Task2.V29.csproj", "{C2AF3C68-2F5A-4041-A906-76135563B512}"
EndProject
Project("{9A19103F-16F7-4668-BE54-9A1E7A4F7556}") = "Tyuiu.KornevRM.Sprint5.Task2.V29.Lib", "Tyuiu.KornevRM.Sprint5.Task2.V29.Lib\Tyuiu.KornevRM.Sprint5.Task2.V29.Lib.csproj", "{CD3F52ED-F961-484A-950A-07D229CAE91F}"
EndProject
Project("{9A19103F-16F7-4668-BE54-9A1E7A4F7556}") = "Tyuiu.KornevRM.Sprint5.Task2.V29.Test", "Tyuiu.KornevRM.Sprint5.Task2.V29.Test\Tyuiu.KornevRM.Sprint5.Task2.V29.Test.csproj", "{971E588D-8E01-4688-9B7B-B92FD2EE55E8}"
EndProject
Project("{2150E333-8FDC-42A3-9474-1A3956D46DE8}") = "Task3", "Task3", "{93484CDB-4A36-4999-9AF3-F737FC31F943}"
EndProject
Project("{FAE04EC0-301F-11D3-BF4B-00C04F79EFBC}") = "Tyuiu.KornevRM.Sprint5.Task3.V2", "Tyuiu.KornevRM.Sprint5.Task3.V2\Tyuiu.KornevRM.Sprint5.Task3.V2.csproj", "{E38B8CFC-9706-4F01-9E4E-BC2C6751F372}"
EndProject
Project("{FAE04EC0-301F-11D3-BF4B-00C04F79EFBC}") = "Tyuiu.KornevRM.Sprint5.Task3.V2.Lib", "Tyuiu.KornevRM.Sprint5.Task3.V2.Lib\Tyuiu.KornevRM.Sprint5.Task3.V2.Lib.csproj", "{036ACD63-B388-45F7-975C-33765FF9F353}"
EndProject
Project("{FAE04EC0-301F-11D3-BF4B-00C04F79EFBC}") = "Tyuiu.KornevRM.Sprint5.Task3.V2.Test", "Tyuiu.KornevRM.Sprint5.Task3.V2.Test\Tyuiu.KornevRM.Sprint5.Task3.V2.Test.csproj", "{4F6DFFD9-E530-40BD-BE8C-EC361815940E}"
EndProject
Project("{2150E333-8FDC-42A3-9474-1A3956D46DE8}") = "Task4", "Task4", "{42842EA1-CC58-49AA-B261-D7953CC8DBDA}"
EndProject
Project("{2150E333-8FDC-42A3-9474-1A3956D46DE8}") = "Task5", "Task5", "{B1F5C11B-53A6-4847-906B-0F32B646107D}"
EndProject
Project("{2150E333-8FDC-42A3-9474-1A3956D46DE8}") = "Task6", "Task6", "{7A461C8A-B214-46AD-9D74-AAB3DF028C81}"
EndProject
Project("{2150E333-8FDC-42A3-9474-1A3956D46DE8}") = "Task7", "Task7", "{0CE94F96-7743-47FB-A48D-41107C062328}"
EndProject
Project("{FAE04EC0-301F-11D3-BF4B-00C04F79EFBC}") = "Tyuiu.KornevRM.Sprint5.Task4.V11", "Tyuiu.KornevRM.Sprint5.Task4.V11\Tyuiu.KornevRM.Sprint5.Task4.V11.csproj", "{BDA0E894-D8BF-4CDA-9153-FFA57E9D48ED}"
EndProject
Project("{FAE04EC0-301F-11D3-BF4B-00C04F79EFBC}") = "Tyuiu.KornevRM.Sprint5.Task4.V11.Lib", "Tyuiu.KornevRM.Sprint5.Task4.V11.Lib\Tyuiu.KornevRM.Sprint5.Task4.V11.Lib.csproj", "{2E7210CE-A46C-4B53-B2A6-0B8B556DD8DA}"
EndProject
Project("{FAE04EC0-301F-11D3-BF4B-00C04F79EFBC}") = "Tyuiu.KornevRM.Sprint5.Task4.V11.Test", "Tyuiu.KornevRM.Sprint5.Task4.V11.Test\Tyuiu.KornevRM.Sprint5.Task4.V11.Test.csproj", "{A367CBC7-791B-42AD-903B-807050708BDF}"
EndProject
Project("{FAE04EC0-301F-11D3-BF4B-00C04F79EFBC}") = "Tyuiu.KornevRM.Sprint5.Task5.V16", "Tyuiu.KornevRM.Sprint5.Task5.V16\Tyuiu.KornevRM.Sprint5.Task5.V16.csproj", "{61715ECB-D1DC-431B-A818-528AAE29AE59}"
EndProject
Project("{FAE04EC0-301F-11D3-BF4B-00C04F79EFBC}") = "Tyuiu.KornevRM.Sprint5.Task5.V16.Lib", "Tyuiu.KornevRM.Sprint5.Task5.V16.Lib\Tyuiu.KornevRM.Sprint5.Task5.V16.Lib.csproj", "{9E326BB6-D6F4-4E59-8445-8AF351E50B1E}"
EndProject
Project("{FAE04EC0-301F-11D3-BF4B-00C04F79EFBC}") = "Tyuiu.KornevRM.Sprint5.Task5.V16.Test", "Tyuiu.KornevRM.Sprint5.Task5.V16.Test\Tyuiu.KornevRM.Sprint5.Task5.V16.Test.csproj", "{CC437337-E70C-405F-858B-F1BE8BD2884A}"
EndProject
Project("{FAE04EC0-301F-11D3-BF4B-00C04F79EFBC}") = "Tyuiu.KornevRM.Sprint5.Task6.V10", "Tyuiu.KornevRM.Sprint5.Task6.V10\Tyuiu.KornevRM.Sprint5.Task6.V10.csproj", "{25220ABE-741E-43D1-95EE-DEDF1267DAF4}"
EndProject
Project("{FAE04EC0-301F-11D3-BF4B-00C04F79EFBC}") = "Tyuiu.KornevRM.Sprint5.Task6.V10.Lib", "Tyuiu.KornevRM.Sprint5.Task6.V10.Lib\Tyuiu.KornevRM.Sprint5.Task6.V10.Lib.csproj", "{F7EA1B1D-222E-49F0-BAF4-E4E1DE921E05}"
EndProject
Project("{FAE04EC0-301F-11D3-BF4B-00C04F79EFBC}") = "Tyuiu.KornevRM.Sprint5.Task6.V10.Test", "Tyuiu.KornevRM.Sprint5.Task6.V10.Test\Tyuiu.KornevRM.Sprint5.Task6.V10.Test.csproj", "{5D0C54BF-E466-4F3C-8325-EDB8AEF9BB89}"
EndProject
Project("{FAE04EC0-301F-11D3-BF4B-00C04F79EFBC}") = "Tyuiu.KornevRM.Sprint5.Task7.V15", "Tyuiu.KornevRM.Sprint5.Task7.V15\Tyuiu.KornevRM.Sprint5.Task7.V15.csproj", "{6F28E968-5A6C-4150-AF95-4D6B48128542}"
EndProject
Project("{FAE04EC0-301F-11D3-BF4B-00C04F79EFBC}") = "Tyuiu.KornevRM.Sprint5.Task7.V15.Lib", "Tyuiu.KornevRM.Sprint5.Task7.V15.Lib\Tyuiu.KornevRM.Sprint5.Task7.V15.Lib.csproj", "{A59C56B0-2C48-4AF9-B55C-DE6244D85816}"
EndProject
Project("{FAE04EC0-301F-11D3-BF4B-00C04F79EFBC}") = "Tyuiu.KornevRM.Sprint5.Task7.V15.Test", "Tyuiu.KornevRM.Sprint5.Task7.V15.Test\Tyuiu.KornevRM.Sprint5.Task7.V15.Test.csproj", "{D69CEBFC-7CB8-4F7F-AEBC-22967E8C6908}"
EndProject
Global
	GlobalSection(SolutionConfigurationPlatforms) = preSolution
		Debug|Any CPU = Debug|Any CPU
		Release|Any CPU = Release|Any CPU
	EndGlobalSection
	GlobalSection(ProjectConfigurationPlatforms) = postSolution
		{200FEE9B-015A-4C33-86B0-018B35F3A0A0}.Debug|Any CPU.ActiveCfg = Debug|Any CPU
		{200FEE9B-015A-4C33-86B0-018B35F3A0A0}.Debug|Any CPU.Build.0 = Debug|Any CPU
		{200FEE9B-015A-4C33-86B0-018B35F3A0A0}.Release|Any CPU.ActiveCfg = Release|Any CPU
		{200FEE9B-015A-4C33-86B0-018B35F3A0A0}.Release|Any CPU.Build.0 = Release|Any CPU
		{16F051C0-43FA-4E77-8E86-5492248ACE72}.Debug|Any CPU.ActiveCfg = Debug|Any CPU
		{16F051C0-43FA-4E77-8E86-5492248ACE72}.Debug|Any CPU.Build.0 = Debug|Any CPU
		{16F051C0-43FA-4E77-8E86-5492248ACE72}.Release|Any CPU.ActiveCfg = Release|Any CPU
		{16F051C0-43FA-4E77-8E86-5492248ACE72}.Release|Any CPU.Build.0 = Release|Any CPU
		{C5285CE1-BFE8-4FAE-8DD8-3DA869451255}.Debug|Any CPU.ActiveCfg = Debug|Any CPU
		{C5285CE1-BFE8-4FAE-8DD8-3DA869451255}.Debug|Any CPU.Build.0 = Debug|Any CPU
		{C5285CE1-BFE8-4FAE-8DD8-3DA869451255}.Release|Any CPU.ActiveCfg = Release|Any CPU
		{C5285CE1-BFE8-4FAE-8DD8-3DA869451255}.Release|Any CPU.Build.0 = Release|Any CPU
		{8654C6DE-CFB3-4E06-B2C1-E43C74894EA7}.Debug|Any CPU.ActiveCfg = Debug|Any CPU
		{8654C6DE-CFB3-4E06-B2C1-E43C74894EA7}.Debug|Any CPU.Build.0 = Debug|Any CPU
		{8654C6DE-CFB3-4E06-B2C1-E43C74894EA7}.Release|Any CPU.ActiveCfg = Release|Any CPU
		{8654C6DE-CFB3-4E06-B2C1-E43C74894EA7}.Release|Any CPU.Build.0 = Release|Any CPU
		{345C6A9C-068A-4E77-89EF-518DCDE9D7A9}.Debug|Any CPU.ActiveCfg = Debug|Any CPU
		{345C6A9C-068A-4E77-89EF-518DCDE9D7A9}.Debug|Any CPU.Build.0 = Debug|Any CPU
		{345C6A9C-068A-4E77-89EF-518DCDE9D7A9}.Release|Any CPU.ActiveCfg = Release|Any CPU
		{345C6A9C-068A-4E77-89EF-518DCDE9D7A9}.Release|Any CPU.Build.0 = Release|Any CPU
		{1895C542-5F99-4E9D-B63C-A0ECE14F36EC}.Debug|Any CPU.ActiveCfg = Debug|Any CPU
		{1895C542-5F99-4E9D-B63C-A0ECE14F36EC}.Debug|Any CPU.Build.0 = Debug|Any CPU
		{1895C542-5F99-4E9D-B63C-A0ECE14F36EC}.Release|Any CPU.ActiveCfg = Release|Any CPU
		{1895C542-5F99-4E9D-B63C-A0ECE14F36EC}.Release|Any CPU.Build.0 = Release|Any CPU
		{C2AF3C68-2F5A-4041-A906-76135563B512}.Debug|Any CPU.ActiveCfg = Debug|Any CPU
		{C2AF3C68-2F5A-4041-A906-76135563B512}.Debug|Any CPU.Build.0 = Debug|Any CPU
		{C2AF3C68-2F5A-4041-A906-76135563B512}.Release|Any CPU.ActiveCfg = Release|Any CPU
		{C2AF3C68-2F5A-4041-A906-76135563B512}.Release|Any CPU.Build.0 = Release|Any CPU
		{CD3F52ED-F961-484A-950A-07D229CAE91F}.Debug|Any CPU.ActiveCfg = Debug|Any CPU
		{CD3F52ED-F961-484A-950A-07D229CAE91F}.Debug|Any CPU.Build.0 = Debug|Any CPU
		{CD3F52ED-F961-484A-950A-07D229CAE91F}.Release|Any CPU.ActiveCfg = Release|Any CPU
		{CD3F52ED-F961-484A-950A-07D229CAE91F}.Release|Any CPU.Build.0 = Release|Any CPU
		{971E588D-8E01-4688-9B7B-B92FD2EE55E8}.Debug|Any CPU.ActiveCfg = Debug|Any CPU
		{971E588D-8E01-4688-9B7B-B92FD2EE55E8}.Debug|Any CPU.Build.0 = Debug|Any CPU
		{971E588D-8E01-4688-9B7B-B92FD2EE55E8}.Release|Any CPU.ActiveCfg = Release|Any CPU
		{971E588D-8E01-4688-9B7B-B92FD2EE55E8}.Release|Any CPU.Build.0 = Release|Any CPU
		{E38B8CFC-9706-4F01-9E4E-BC2C6751F372}.Debug|Any CPU.ActiveCfg = Debug|Any CPU
		{E38B8CFC-9706-4F01-9E4E-BC2C6751F372}.Debug|Any CPU.Build.0 = Debug|Any CPU
		{E38B8CFC-9706-4F01-9E4E-BC2C6751F372}.Release|Any CPU.ActiveCfg = Release|Any CPU
		{E38B8CFC-9706-4F01-9E4E-BC2C6751F372}.Release|Any CPU.Build.0 = Release|Any CPU
		{036ACD63-B388-45F7-975C-33765FF9F353}.Debug|Any CPU.ActiveCfg = Debug|Any CPU
		{036ACD63-B388-45F7-975C-33765FF9F353}.Debug|Any CPU.Build.0 = Debug|Any CPU
		{036ACD63-B388-45F7-975C-33765FF9F353}.Release|Any CPU.ActiveCfg = Release|Any CPU
		{036ACD63-B388-45F7-975C-33765FF9F353}.Release|Any CPU.Build.0 = Release|Any CPU
		{4F6DFFD9-E530-40BD-BE8C-EC361815940E}.Debug|Any CPU.ActiveCfg = Debug|Any CPU
		{4F6DFFD9-E530-40BD-BE8C-EC361815940E}.Debug|Any CPU.Build.0 = Debug|Any CPU
		{4F6DFFD9-E530-40BD-BE8C-EC361815940E}.Release|Any CPU.ActiveCfg = Release|Any CPU
		{4F6DFFD9-E530-40BD-BE8C-EC361815940E}.Release|Any CPU.Build.0 = Release|Any CPU
		{BDA0E894-D8BF-4CDA-9153-FFA57E9D48ED}.Debug|Any CPU.ActiveCfg = Debug|Any CPU
		{BDA0E894-D8BF-4CDA-9153-FFA57E9D48ED}.Debug|Any CPU.Build.0 = Debug|Any CPU
		{BDA0E894-D8BF-4CDA-9153-FFA57E9D48ED}.Release|Any CPU.ActiveCfg = Release|Any CPU
		{BDA0E894-D8BF-4CDA-9153-FFA57E9D48ED}.Release|Any CPU.Build.0 = Release|Any CPU
		{2E7210CE-A46C-4B53-B2A6-0B8B556DD8DA}.Debug|Any CPU.ActiveCfg = Debug|Any CPU
		{2E7210CE-A46C-4B53-B2A6-0B8B556DD8DA}.Debug|Any CPU.Build.0 = Debug|Any CPU
		{2E7210CE-A46C-4B53-B2A6-0B8B556DD8DA}.Release|Any CPU.ActiveCfg = Release|Any CPU
		{2E7210CE-A46C-4B53-B2A6-0B8B556DD8DA}.Release|Any CPU.Build.0 = Release|Any CPU
		{A367CBC7-791B-42AD-903B-807050708BDF}.Debug|Any CPU.ActiveCfg = Debug|Any CPU
		{A367CBC7-791B-42AD-903B-807050708BDF}.Debug|Any CPU.Build.0 = Debug|Any CPU
		{A367CBC7-791B-42AD-903B-807050708BDF}.Release|Any CPU.ActiveCfg = Release|Any CPU
		{A367CBC7-791B-42AD-903B-807050708BDF}.Release|Any CPU.Build.0 = Release|Any CPU
		{61715ECB-D1DC-431B-A818-528AAE29AE59}.Debug|Any CPU.ActiveCfg = Debug|Any CPU
		{61715ECB-D1DC-431B-A818-528AAE29AE59}.Debug|Any CPU.Build.0 = Debug|Any CPU
		{61715ECB-D1DC-431B-A818-528AAE29AE59}.Release|Any CPU.ActiveCfg = Release|Any CPU
		{61715ECB-D1DC-431B-A818-528AAE29AE59}.Release|Any CPU.Build.0 = Release|Any CPU
		{9E326BB6-D6F4-4E59-8445-8AF351E50B1E}.Debug|Any CPU.ActiveCfg = Debug|Any CPU
		{9E326BB6-D6F4-4E59-8445-8AF351E50B1E}.Debug|Any CPU.Build.0 = Debug|Any CPU
		{9E326BB6-D6F4-4E59-8445-8AF351E50B1E}.Release|Any CPU.ActiveCfg = Release|Any CPU
		{9E326BB6-D6F4-4E59-8445-8AF351E50B1E}.Release|Any CPU.Build.0 = Release|Any CPU
		{CC437337-E70C-405F-858B-F1BE8BD2884A}.Debug|Any CPU.ActiveCfg = Debug|Any CPU
		{CC437337-E70C-405F-858B-F1BE8BD2884A}.Debug|Any CPU.Build.0 = Debug|Any CPU
		{CC437337-E70C-405F-858B-F1BE8BD2884A}.Release|Any CPU.ActiveCfg = Release|Any CPU
		{CC437337-E70C-405F-858B-F1BE8BD2884A}.Release|Any CPU.Build.0 = Release|Any CPU
		{25220ABE-741E-43D1-95EE-DEDF1267DAF4}.Debug|Any CPU.ActiveCfg = Debug|Any CPU
		{25220ABE-741E-43D1-95EE-DEDF1267DAF4}.Debug|Any CPU.Build.0 = Debug|Any CPU
		{25220ABE-741E-43D1-95EE-DEDF1267DAF4}.Release|Any CPU.ActiveCfg = Release|Any CPU
		{25220ABE-741E-43D1-95EE-DEDF1267DAF4}.Release|Any CPU.Build.0 = Release|Any CPU
		{F7EA1B1D-222E-49F0-BAF4-E4E1DE921E05}.Debug|Any CPU.ActiveCfg = Debug|Any CPU
		{F7EA1B1D-222E-49F0-BAF4-E4E1DE921E05}.Debug|Any CPU.Build.0 = Debug|Any CPU
		{F7EA1B1D-222E-49F0-BAF4-E4E1DE921E05}.Release|Any CPU.ActiveCfg = Release|Any CPU
		{F7EA1B1D-222E-49F0-BAF4-E4E1DE921E05}.Release|Any CPU.Build.0 = Release|Any CPU
		{5D0C54BF-E466-4F3C-8325-EDB8AEF9BB89}.Debug|Any CPU.ActiveCfg = Debug|Any CPU
		{5D0C54BF-E466-4F3C-8325-EDB8AEF9BB89}.Debug|Any CPU.Build.0 = Debug|Any CPU
		{5D0C54BF-E466-4F3C-8325-EDB8AEF9BB89}.Release|Any CPU.ActiveCfg = Release|Any CPU
		{5D0C54BF-E466-4F3C-8325-EDB8AEF9BB89}.Release|Any CPU.Build.0 = Release|Any CPU
		{6F28E968-5A6C-4150-AF95-4D6B48128542}.Debug|Any CPU.ActiveCfg = Debug|Any CPU
		{6F28E968-5A6C-4150-AF95-4D6B48128542}.Debug|Any CPU.Build.0 = Debug|Any CPU
		{6F28E968-5A6C-4150-AF95-4D6B48128542}.Release|Any CPU.ActiveCfg = Release|Any CPU
		{6F28E968-5A6C-4150-AF95-4D6B48128542}.Release|Any CPU.Build.0 = Release|Any CPU
		{A59C56B0-2C48-4AF9-B55C-DE6244D85816}.Debug|Any CPU.ActiveCfg = Debug|Any CPU
		{A59C56B0-2C48-4AF9-B55C-DE6244D85816}.Debug|Any CPU.Build.0 = Debug|Any CPU
		{A59C56B0-2C48-4AF9-B55C-DE6244D85816}.Release|Any CPU.ActiveCfg = Release|Any CPU
		{A59C56B0-2C48-4AF9-B55C-DE6244D85816}.Release|Any CPU.Build.0 = Release|Any CPU
		{D69CEBFC-7CB8-4F7F-AEBC-22967E8C6908}.Debug|Any CPU.ActiveCfg = Debug|Any CPU
		{D69CEBFC-7CB8-4F7F-AEBC-22967E8C6908}.Debug|Any CPU.Build.0 = Debug|Any CPU
		{D69CEBFC-7CB8-4F7F-AEBC-22967E8C6908}.Release|Any CPU.ActiveCfg = Release|Any CPU
		{D69CEBFC-7CB8-4F7F-AEBC-22967E8C6908}.Release|Any CPU.Build.0 = Release|Any CPU
	EndGlobalSection
	GlobalSection(SolutionProperties) = preSolution
		HideSolutionNode = FALSE
	EndGlobalSection
	GlobalSection(NestedProjects) = preSolution
		{200FEE9B-015A-4C33-86B0-018B35F3A0A0} = {8E516626-0399-426F-B900-87E89281F26B}
		{16F051C0-43FA-4E77-8E86-5492248ACE72} = {8E516626-0399-426F-B900-87E89281F26B}
		{C5285CE1-BFE8-4FAE-8DD8-3DA869451255} = {8E516626-0399-426F-B900-87E89281F26B}
		{8654C6DE-CFB3-4E06-B2C1-E43C74894EA7} = {EFC84024-CB74-4497-B6E5-DA7993F35B17}
		{345C6A9C-068A-4E77-89EF-518DCDE9D7A9} = {EFC84024-CB74-4497-B6E5-DA7993F35B17}
		{1895C542-5F99-4E9D-B63C-A0ECE14F36EC} = {EFC84024-CB74-4497-B6E5-DA7993F35B17}
		{C2AF3C68-2F5A-4041-A906-76135563B512} = {669F6865-67DC-452F-BA3C-42184A471367}
		{CD3F52ED-F961-484A-950A-07D229CAE91F} = {669F6865-67DC-452F-BA3C-42184A471367}
		{971E588D-8E01-4688-9B7B-B92FD2EE55E8} = {669F6865-67DC-452F-BA3C-42184A471367}
		{E38B8CFC-9706-4F01-9E4E-BC2C6751F372} = {93484CDB-4A36-4999-9AF3-F737FC31F943}
		{036ACD63-B388-45F7-975C-33765FF9F353} = {93484CDB-4A36-4999-9AF3-F737FC31F943}
		{4F6DFFD9-E530-40BD-BE8C-EC361815940E} = {93484CDB-4A36-4999-9AF3-F737FC31F943}
		{BDA0E894-D8BF-4CDA-9153-FFA57E9D48ED} = {42842EA1-CC58-49AA-B261-D7953CC8DBDA}
		{2E7210CE-A46C-4B53-B2A6-0B8B556DD8DA} = {42842EA1-CC58-49AA-B261-D7953CC8DBDA}
		{A367CBC7-791B-42AD-903B-807050708BDF} = {42842EA1-CC58-49AA-B261-D7953CC8DBDA}
		{61715ECB-D1DC-431B-A818-528AAE29AE59} = {B1F5C11B-53A6-4847-906B-0F32B646107D}
		{9E326BB6-D6F4-4E59-8445-8AF351E50B1E} = {B1F5C11B-53A6-4847-906B-0F32B646107D}
		{CC437337-E70C-405F-858B-F1BE8BD2884A} = {B1F5C11B-53A6-4847-906B-0F32B646107D}
		{25220ABE-741E-43D1-95EE-DEDF1267DAF4} = {7A461C8A-B214-46AD-9D74-AAB3DF028C81}
		{F7EA1B1D-222E-49F0-BAF4-E4E1DE921E05} = {7A461C8A-B214-46AD-9D74-AAB3DF028C81}
		{5D0C54BF-E466-4F3C-8325-EDB8AEF9BB89} = {7A461C8A-B214-46AD-9D74-AAB3DF028C81}
		{6F28E968-5A6C-4150-AF95-4D6B48128542} = {0CE94F96-7743-47FB-A48D-41107C062328}
		{A59C56B0-2C48-4AF9-B55C-DE6244D85816} = {0CE94F96-7743-47FB-A48D-41107C062328}
		{D69CEBFC-7CB8-4F7F-AEBC-22967E8C6908} = {0CE94F96-7743-47FB-A48D-41107C062328}
	EndGlobalSection
	GlobalSection(ExtensibilityGlobals) = postSolution
		SolutionGuid = {8E77D667-98A4-4A2C-9392-E5F7A1ABE38D}
	EndGlobalSection
EndGlobal
